Microsoft Visual Studio Solution File, Format Version 11.00
# Visual Studio 2008

Project("{2A4B892A-632F-0703-FB59-352215BD36F2}") = "CombatMapFused", "Assembly-CSharp.csproj", "{C7127163-05D5-48A5-498B-B08EB1D3FC32}"
EndProject
Global
	GlobalSection(SolutionConfigurationPlatforms) = preSolution
		Debug|Any CPU = Debug|Any CPU
		Release|Any CPU = Release|Any CPU
	EndGlobalSection
	GlobalSection(ProjectConfigurationPlatforms) = postSolution
		{C7127163-05D5-48A5-498B-B08EB1D3FC32}.Debug|Any CPU.ActiveCfg = Debug|Any CPU
		{C7127163-05D5-48A5-498B-B08EB1D3FC32}.Debug|Any CPU.Build.0 = Debug|Any CPU
		{C7127163-05D5-48A5-498B-B08EB1D3FC32}.Release|Any CPU.ActiveCfg = Release|Any CPU
		{C7127163-05D5-48A5-498B-B08EB1D3FC32}.Release|Any CPU.Build.0 = Release|Any CPU
	EndGlobalSection
	GlobalSection(SolutionProperties) = preSolution
		HideSolutionNode = FALSE
	EndGlobalSection
	GlobalSection(MonoDevelopProperties) = preSolution
		StartupItem = Assembly-CSharp.csproj
	EndGlobalSection
EndGlobal
